
Microsoft Visual Studio Solution File, Format Version 12.00
# Visual Studio Version 17
VisualStudioVersion = 17.5.2.0
MinimumVisualStudioVersion = 10.0.40219.1
Project("{9A19103F-16F7-4668-BE54-9A1E7A4F7556}") = "api", "api\api.csproj", "{F18FF99C-1B0F-43A7-9687-93103B65FB7D}"
EndProject
Global
	GlobalSection(SolutionConfigurationPlatforms) = preSolution
		Debug|Any CPU = Debug|Any CPU
		Release|Any CPU = Release|Any CPU
	EndGlobalSection
	GlobalSection(ProjectConfigurationPlatforms) = postSolution
		{F18FF99C-1B0F-43A7-9687-93103B65FB7D}.Debug|Any CPU.ActiveCfg = Debug|Any CPU
		{F18FF99C-1B0F-43A7-9687-93103B65FB7D}.Debug|Any CPU.Build.0 = Debug|Any CPU
		{F18FF99C-1B0F-43A7-9687-93103B65FB7D}.Release|Any CPU.ActiveCfg = Release|Any CPU
		{F18FF99C-1B0F-43A7-9687-93103B65FB7D}.Release|Any CPU.Build.0 = Release|Any CPU
	EndGlobalSection
	GlobalSection(SolutionProperties) = preSolution
		HideSolutionNode = FALSE
	EndGlobalSection
	GlobalSection(ExtensibilityGlobals) = postSolution
		SolutionGuid = {EE84D809-A7C1-4CFB-A72B-4ACF1AB05354}
	EndGlobalSection
EndGlobal
